
Microsoft Visual Studio Solution File, Format Version 12.00
# Visual Studio Version 17
VisualStudioVersion = 17.11.35327.3
MinimumVisualStudioVersion = 10.0.40219.1
Project("{FAE04EC0-301F-11D3-BF4B-00C04F79EFBC}") = "ChristmasGiftApi", "ChristmasGiftApi.csproj", "{19B14D6C-A31D-449E-A7D0-8CE7DAE11270}"
EndProject
Global
	GlobalSection(SolutionConfigurationPlatforms) = preSolution
		Debug|Any CPU = Debug|Any CPU
		Release|Any CPU = Release|Any CPU
	EndGlobalSection
	GlobalSection(ProjectConfigurationPlatforms) = postSolution
		{19B14D6C-A31D-449E-A7D0-8CE7DAE11270}.Debug|Any CPU.ActiveCfg = Debug|Any CPU
		{19B14D6C-A31D-449E-A7D0-8CE7DAE11270}.Debug|Any CPU.Build.0 = Debug|Any CPU
		{19B14D6C-A31D-449E-A7D0-8CE7DAE11270}.Release|Any CPU.ActiveCfg = Release|Any CPU
		{19B14D6C-A31D-449E-A7D0-8CE7DAE11270}.Release|Any CPU.Build.0 = Release|Any CPU
	EndGlobalSection
	GlobalSection(SolutionProperties) = preSolution
		HideSolutionNode = FALSE
	EndGlobalSection
	GlobalSection(ExtensibilityGlobals) = postSolution
		SolutionGuid = {58E0F9C2-6BD2-4AA2-A8F0-140AD73165F2}
	EndGlobalSection
EndGlobal
